
Microsoft Visual Studio Solution File, Format Version 12.00
# Visual Studio Express 2012 for Windows Desktop
Project("{FAE04EC0-301F-11D3-BF4B-00C04F79EFBC}") = "triangulate", "voronoi\triangulate.csproj", "{4CFC9E1B-3F0E-4358-8570-9F00EF433B29}"
EndProject
Global
	GlobalSection(SolutionConfigurationPlatforms) = preSolution
		Debug|Any CPU = Debug|Any CPU
		Release|Any CPU = Release|Any CPU
	EndGlobalSection
	GlobalSection(ProjectConfigurationPlatforms) = postSolution
		{4CFC9E1B-3F0E-4358-8570-9F00EF433B29}.Debug|Any CPU.ActiveCfg = Debug|Any CPU
		{4CFC9E1B-3F0E-4358-8570-9F00EF433B29}.Debug|Any CPU.Build.0 = Debug|Any CPU
		{4CFC9E1B-3F0E-4358-8570-9F00EF433B29}.Release|Any CPU.ActiveCfg = Release|Any CPU
		{4CFC9E1B-3F0E-4358-8570-9F00EF433B29}.Release|Any CPU.Build.0 = Release|Any CPU
	EndGlobalSection
	GlobalSection(SolutionProperties) = preSolution
		HideSolutionNode = FALSE
	EndGlobalSection
EndGlobal
